
Microsoft Visual Studio Solution File, Format Version 12.00
# Visual Studio Version 17
VisualStudioVersion = 17.14.36203.30 d17.14
MinimumVisualStudioVersion = 10.0.40219.1
Project("{FAE04EC0-301F-11D3-BF4B-00C04F79EFBC}") = "zadanie1", "zadanie1.csproj", "{CBE54327-6998-44BB-9693-848C1D703CF3}"
EndProject
Global
	GlobalSection(SolutionConfigurationPlatforms) = preSolution
		Debug|Any CPU = Debug|Any CPU
		Release|Any CPU = Release|Any CPU
	EndGlobalSection
	GlobalSection(ProjectConfigurationPlatforms) = postSolution
		{CBE54327-6998-44BB-9693-848C1D703CF3}.Debug|Any CPU.ActiveCfg = Debug|Any CPU
		{CBE54327-6998-44BB-9693-848C1D703CF3}.Debug|Any CPU.Build.0 = Debug|Any CPU
		{CBE54327-6998-44BB-9693-848C1D703CF3}.Release|Any CPU.ActiveCfg = Release|Any CPU
		{CBE54327-6998-44BB-9693-848C1D703CF3}.Release|Any CPU.Build.0 = Release|Any CPU
	EndGlobalSection
	GlobalSection(SolutionProperties) = preSolution
		HideSolutionNode = FALSE
	EndGlobalSection
	GlobalSection(ExtensibilityGlobals) = postSolution
		SolutionGuid = {12397E5D-EBCB-4144-A865-3F7B9EFCEBE2}
	EndGlobalSection
EndGlobal
