
Microsoft Visual Studio Solution File, Format Version 12.00
# Visual Studio Version 17
VisualStudioVersion = 17.14.36203.30 d17.14
MinimumVisualStudioVersion = 10.0.40219.1
Project("{FAE04EC0-301F-11D3-BF4B-00C04F79EFBC}") = "Kalkulator", "Kalkulator.csproj", "{F9AFA881-8837-4A6D-AF67-CF52DF7D289C}"
EndProject
Project("{FAE04EC0-301F-11D3-BF4B-00C04F79EFBC}") = "Kalkulator.Test", "..\Kalkulator.Test\Kalkulator.Test.csproj", "{8CF5BC61-DC4F-4DE2-8C13-46763E6D232E}"
EndProject
Global
	GlobalSection(SolutionConfigurationPlatforms) = preSolution
		Debug|Any CPU = Debug|Any CPU
		Release|Any CPU = Release|Any CPU
	EndGlobalSection
	GlobalSection(ProjectConfigurationPlatforms) = postSolution
		{F9AFA881-8837-4A6D-AF67-CF52DF7D289C}.Debug|Any CPU.ActiveCfg = Debug|Any CPU
		{F9AFA881-8837-4A6D-AF67-CF52DF7D289C}.Debug|Any CPU.Build.0 = Debug|Any CPU
		{F9AFA881-8837-4A6D-AF67-CF52DF7D289C}.Release|Any CPU.ActiveCfg = Release|Any CPU
		{F9AFA881-8837-4A6D-AF67-CF52DF7D289C}.Release|Any CPU.Build.0 = Release|Any CPU
		{8CF5BC61-DC4F-4DE2-8C13-46763E6D232E}.Debug|Any CPU.ActiveCfg = Debug|Any CPU
		{8CF5BC61-DC4F-4DE2-8C13-46763E6D232E}.Debug|Any CPU.Build.0 = Debug|Any CPU
		{8CF5BC61-DC4F-4DE2-8C13-46763E6D232E}.Release|Any CPU.ActiveCfg = Release|Any CPU
		{8CF5BC61-DC4F-4DE2-8C13-46763E6D232E}.Release|Any CPU.Build.0 = Release|Any CPU
	EndGlobalSection
	GlobalSection(SolutionProperties) = preSolution
		HideSolutionNode = FALSE
	EndGlobalSection
	GlobalSection(ExtensibilityGlobals) = postSolution
		SolutionGuid = {7D8453B4-14EA-4226-92FC-7D6C06429825}
	EndGlobalSection
EndGlobal
