
Microsoft Visual Studio Solution File, Format Version 12.00
# Visual Studio Version 17
VisualStudioVersion = 17.14.36203.30
MinimumVisualStudioVersion = 10.0.40219.1
Project("{FAE04EC0-301F-11D3-BF4B-00C04F79EFBC}") = "Testy1", "Testy1.csproj", "{1F80DEDB-35AD-44B1-AEE1-C66189D4FC5D}"
EndProject
Project("{FAE04EC0-301F-11D3-BF4B-00C04F79EFBC}") = "Zadanie.Test", "..\Zadanie.Test\Zadanie.Test.csproj", "{D547B4D1-5E16-4588-AA5D-207667995174}"
EndProject
Global
	GlobalSection(SolutionConfigurationPlatforms) = preSolution
		Debug|Any CPU = Debug|Any CPU
		Release|Any CPU = Release|Any CPU
	EndGlobalSection
	GlobalSection(ProjectConfigurationPlatforms) = postSolution
		{1F80DEDB-35AD-44B1-AEE1-C66189D4FC5D}.Debug|Any CPU.ActiveCfg = Debug|Any CPU
		{1F80DEDB-35AD-44B1-AEE1-C66189D4FC5D}.Debug|Any CPU.Build.0 = Debug|Any CPU
		{1F80DEDB-35AD-44B1-AEE1-C66189D4FC5D}.Release|Any CPU.ActiveCfg = Release|Any CPU
		{1F80DEDB-35AD-44B1-AEE1-C66189D4FC5D}.Release|Any CPU.Build.0 = Release|Any CPU
		{D547B4D1-5E16-4588-AA5D-207667995174}.Debug|Any CPU.ActiveCfg = Debug|Any CPU
		{D547B4D1-5E16-4588-AA5D-207667995174}.Debug|Any CPU.Build.0 = Debug|Any CPU
		{D547B4D1-5E16-4588-AA5D-207667995174}.Release|Any CPU.ActiveCfg = Release|Any CPU
		{D547B4D1-5E16-4588-AA5D-207667995174}.Release|Any CPU.Build.0 = Release|Any CPU
	EndGlobalSection
	GlobalSection(SolutionProperties) = preSolution
		HideSolutionNode = FALSE
	EndGlobalSection
	GlobalSection(ExtensibilityGlobals) = postSolution
		SolutionGuid = {3984683B-B24D-4ACE-9D76-31D7FD3CB907}
	EndGlobalSection
EndGlobal
